<?xml version="1.0" encoding="utf-8"?>
<Project ToolsVersion="4.0" xmlns="http://schemas.microsoft.com/developer/msbuild/2003">
  <ItemGroup>
    <Filter Include="Source Files">
      <UniqueIdentifier>{4FC737F1-C7A5-4376-A066-2A32D752A2FF}</UniqueIdentifier>
      <Extensions>cpp;c;cc;cxx;c++;cppm;ixx;def;odl;idl;hpj;bat;asm;asmx</Extensions>
    </Filter>
    <Filter Include="Header Files">
      <UniqueIdentifier>{93995380-89BD-4b04-88EB-625FBE52EBFB}</UniqueIdentifier>
      <Extensions>h;hh;hpp;hxx;h++;hm;inl;inc;ipp;xsd</Extensions>
    </Filter>
    <Filter Include="Resource Files">
      <UniqueIdentifier>{67DA6AB6-F800-4c08-8B7A-83BB121AAD01}</UniqueIdentifier>
      <Extensions>rc;ico;cur;bmp;dlg;rc2;rct;bin;rgs;gif;jpg;jpeg;jpe;resx;tiff;tif;png;wav;mfcribbon-ms</Extensions>
    </Filter>
  </ItemGroup>
  <ItemGroup>
    <ClCompile Include="src\qcommon\common.cpp">
      <Filter>Source Files</Filter>
    </ClCompile>
    <ClCompile Include="src\universal\q_shared.cpp">
      <Filter>Source Files</Filter>
    </ClCompile>
    <ClCompile Include="src\universal\win_common.cpp">
      <Filter>Source Files</Filter>
    </ClCompile>
    <ClCompile Include="src\win32\win_input.cpp">
      <Filter>Source Files</Filter>
    </ClCompile>
    <ClCompile Include="src\win32\win_main.cpp">
      <Filter>Source Files</Filter>
    </ClCompile>
    <ClCompile Include="src\win32\win_net.cpp">
      <Filter>Source Files</Filter>
    </ClCompile>
    <ClCompile Include="src\win32\win_syscon.cpp">
      <Filter>Source Files</Filter>
    </ClCompile>
    <ClCompile Include="src\win32\win_wndproc.cpp">
      <Filter>Source Files</Filter>
    </ClCompile>
    <ClCompile Include="src\client_mp\cl_input.cpp">
      <Filter>Source Files</Filter>
    </ClCompile>
    <ClCompile Include="src\qcommon\cmd.cpp">
      <Filter>Source Files</Filter>
    </ClCompile>
    <ClCompile Include="src\universal\dvar.cpp">
      <Filter>Source Files</Filter>
    </ClCompile>
    <ClCompile Include="src\universal\com_memory.cpp">
      <Filter>Source Files</Filter>
    </ClCompile>
    <ClCompile Include="src\script\scr_stringlist.cpp">
      <Filter>Source Files</Filter>
    </ClCompile>
    <ClCompile Include="src\script\scr_animtree.cpp">
      <Filter>Source Files</Filter>
    </ClCompile>
    <ClCompile Include="src\script\scr_compiler.cpp">
      <Filter>Source Files</Filter>
    </ClCompile>
    <ClCompile Include="src\script\scr_debugger.cpp">
      <Filter>Source Files</Filter>
    </ClCompile>
    <ClCompile Include="src\script\scr_evaluate.cpp">
      <Filter>Source Files</Filter>
    </ClCompile>
    <ClCompile Include="src\script\scr_main.cpp">
      <Filter>Source Files</Filter>
    </ClCompile>
    <ClCompile Include="src\script\scr_memorytree.cpp">
      <Filter>Source Files</Filter>
    </ClCompile>
    <ClCompile Include="src\script\scr_parser.cpp">
      <Filter>Source Files</Filter>
    </ClCompile>
    <ClCompile Include="src\script\scr_parsetree.cpp">
      <Filter>Source Files</Filter>
    </ClCompile>
    <ClCompile Include="src\script\scr_variable.cpp">
      <Filter>Source Files</Filter>
    </ClCompile>
    <ClCompile Include="src\script\scr_vm.cpp">
      <Filter>Source Files</Filter>
    </ClCompile>
    <ClCompile Include="src\client_mp\cl_main_mp.cpp">
      <Filter>Source Files</Filter>
    </ClCompile>
    <ClCompile Include="src\database\db_assetnames.cpp">
      <Filter>Source Files</Filter>
    </ClCompile>
    <ClCompile Include="src\database\db_auth.cpp">
      <Filter>Source Files</Filter>
    </ClCompile>
    <ClCompile Include="src\database\db_file_load.cpp">
      <Filter>Source Files</Filter>
    </ClCompile>
    <ClCompile Include="src\database\db_memory.cpp">
      <Filter>Source Files</Filter>
    </ClCompile>
    <ClCompile Include="src\database\db_registry.cpp">
      <Filter>Source Files</Filter>
    </ClCompile>
    <ClCompile Include="src\database\db_stream.cpp">
      <Filter>Source Files</Filter>
    </ClCompile>
    <ClCompile Include="src\database\db_stream_load.cpp">
      <Filter>Source Files</Filter>
    </ClCompile>
    <ClCompile Include="src\xanim\dobj.cpp">
      <Filter>Source Files</Filter>
    </ClCompile>
    <ClCompile Include="src\xanim\xanim_calc.cpp">
      <Filter>Source Files</Filter>
    </ClCompile>
    <ClCompile Include="src\xanim\xanim_load_obj.cpp">
      <Filter>Source Files</Filter>
    </ClCompile>
    <ClCompile Include="src\xanim\xmodel.cpp">
      <Filter>Source Files</Filter>
    </ClCompile>
    <ClCompile Include="src\xanim\xmodel_load_obj.cpp">
      <Filter>Source Files</Filter>
    </ClCompile>
    <ClCompile Include="src\xanim\xmodel_utils.cpp">
      <Filter>Source Files</Filter>
    </ClCompile>
    <ClCompile Include="src\xanim\xanim.cpp">
      <Filter>Source Files</Filter>
    </ClCompile>
    <ClCompile Include="src\xanim\dobj_skel.cpp">
      <Filter>Source Files</Filter>
    </ClCompile>
    <ClCompile Include="src\xanim\dobj_utils.cpp">
      <Filter>Source Files</Filter>
    </ClCompile>
    <ClCompile Include="src\cgame\cg_localents.cpp">
      <Filter>Source Files</Filter>
    </ClCompile>
    <ClCompile Include="src\gfx_d3d\r_cinematic.cpp">
      <Filter>Source Files</Filter>
    </ClCompile>
    <ClCompile Include="src\qcommon\threads.cpp">
      <Filter>Source Files</Filter>
    </ClCompile>
    <ClCompile Include="src\qcommon\mem_track.cpp">
      <Filter>Source Files</Filter>
    </ClCompile>
    <ClCompile Include="src\win32\win_localize.cpp">
      <Filter>Source Files</Filter>
    </ClCompile>
    <ClCompile Include="src\client\cl_console.cpp">
      <Filter>Source Files</Filter>
    </ClCompile>
  </ItemGroup>
  <ItemGroup>
    <ClInclude Include="src\qcommon\qcommon.h">
      <Filter>Header Files</Filter>
    </ClInclude>
    <ClInclude Include="src\ui\keycodes.h">
      <Filter>Header Files</Filter>
    </ClInclude>
    <ClInclude Include="src\universal\assertive.h">
      <Filter>Header Files</Filter>
    </ClInclude>
    <ClInclude Include="src\universal\q_shared.h">
      <Filter>Header Files</Filter>
    </ClInclude>
    <ClInclude Include="src\win32\win_input.h">
      <Filter>Header Files</Filter>
    </ClInclude>
    <ClInclude Include="src\win32\win_local.h">
      <Filter>Header Files</Filter>
    </ClInclude>
    <ClInclude Include="src\client_mp\client_mp.h">
      <Filter>Header Files</Filter>
    </ClInclude>
    <ClInclude Include="src\universal\profile.h">
      <Filter>Header Files</Filter>
    </ClInclude>
    <ClInclude Include="src\script\scr_stringlist.h">
      <Filter>Header Files</Filter>
    </ClInclude>
    <ClInclude Include="src\script\scr_memorytree.h">
      <Filter>Header Files</Filter>
    </ClInclude>
    <ClInclude Include="src\script\scr_main.h">
      <Filter>Header Files</Filter>
    </ClInclude>
    <ClInclude Include="src\script\scr_variable.h">
      <Filter>Header Files</Filter>
    </ClInclude>
    <ClInclude Include="src\script\scr_vm.h">
      <Filter>Header Files</Filter>
    </ClInclude>
    <ClInclude Include="src\gfx_d3d\r_image_load_db.h">
      <Filter>Header Files</Filter>
    </ClInclude>
    <ClInclude Include="src\gfx_d3d\r_material_load_db.h">
      <Filter>Header Files</Filter>
    </ClInclude>
    <ClInclude Include="src\xanim\xanim_load_db.h">
      <Filter>Header Files</Filter>
    </ClInclude>
    <ClInclude Include="src\xanim\xanim_public.h">
      <Filter>Header Files</Filter>
    </ClInclude>
    <ClInclude Include="src\xanim\xanim.h">
      <Filter>Header Files</Filter>
    </ClInclude>
    <ClInclude Include="src\cgame_mp\cg_local_mp.h">
      <Filter>Header Files</Filter>
    </ClInclude>
    <ClInclude Include="src\qcommon\bitarray.h">
      <Filter>Header Files</Filter>
    </ClInclude>
    <ClInclude Include="src\universal\com_memory.h">
      <Filter>Header Files</Filter>
    </ClInclude>
    <ClInclude Include="src\gfx_d3d\r_cinematic.h">
      <Filter>Header Files</Filter>
    </ClInclude>
    <ClInclude Include="src\qcommon\threads_interlock.h">
      <Filter>Header Files</Filter>
    </ClInclude>
    <ClInclude Include="src\qcommon\threads.h">
      <Filter>Header Files</Filter>
    </ClInclude>
    <ClInclude Include="src\qcommon\mem_track.h">
      <Filter>Header Files</Filter>
    </ClInclude>
    <ClInclude Include="src\win32\win_localize.h">
      <Filter>Header Files</Filter>
    </ClInclude>
    <ClInclude Include="src\qcommon\cmd.h">
      <Filter>Header Files</Filter>
    </ClInclude>
  </ItemGroup>
</Project>