<?xml version="1.0" encoding="utf-8"?>
<Project ToolsVersion="4.0" xmlns="http://schemas.microsoft.com/developer/msbuild/2003">
  <ItemGroup>
    <Filter Include="Source Files">
      <UniqueIdentifier>{4FC737F1-C7A5-4376-A066-2A32D752A2FF}</UniqueIdentifier>
      <Extensions>cpp;c;cc;cxx;c++;cppm;ixx;def;odl;idl;hpj;bat;asm;asmx</Extensions>
    </Filter>
    <Filter Include="Header Files">
      <UniqueIdentifier>{93995380-89BD-4b04-88EB-625FBE52EBFB}</UniqueIdentifier>
      <Extensions>h;hh;hpp;hxx;h++;hm;inl;inc;ipp;xsd</Extensions>
    </Filter>
    <Filter Include="Resource Files">
      <UniqueIdentifier>{67DA6AB6-F800-4c08-8B7A-83BB121AAD01}</UniqueIdentifier>
      <Extensions>rc;ico;cur;bmp;dlg;rc2;rct;bin;rgs;gif;jpg;jpeg;jpe;resx;tiff;tif;png;wav;mfcribbon-ms</Extensions>
    </Filter>
  </ItemGroup>
  <ItemGroup>
    <ClCompile Include="src\qcommon\common.cpp">
      <Filter>Source Files</Filter>
    </ClCompile>
    <ClCompile Include="src\universal\q_shared.cpp">
      <Filter>Source Files</Filter>
    </ClCompile>
    <ClCompile Include="src\universal\win_common.cpp">
      <Filter>Source Files</Filter>
    </ClCompile>
    <ClCompile Include="src\win32\win_input.cpp">
      <Filter>Source Files</Filter>
    </ClCompile>
    <ClCompile Include="src\win32\win_main.cpp">
      <Filter>Source Files</Filter>
    </ClCompile>
    <ClCompile Include="src\win32\win_net.cpp">
      <Filter>Source Files</Filter>
    </ClCompile>
    <ClCompile Include="src\win32\win_syscon.cpp">
      <Filter>Source Files</Filter>
    </ClCompile>
    <ClCompile Include="src\win32\win_wndproc.cpp">
      <Filter>Source Files</Filter>
    </ClCompile>
    <ClCompile Include="src\client_mp\cl_input.cpp">
      <Filter>Source Files</Filter>
    </ClCompile>
    <ClCompile Include="src\qcommon\cmd.cpp">
      <Filter>Source Files</Filter>
    </ClCompile>
    <ClCompile Include="src\universal\dvar.cpp">
      <Filter>Source Files</Filter>
    </ClCompile>
    <ClCompile Include="src\universal\com_memory.cpp">
      <Filter>Source Files</Filter>
    </ClCompile>
    <ClCompile Include="src\script\scr_stringlist.cpp">
      <Filter>Source Files</Filter>
    </ClCompile>
    <ClCompile Include="src\script\scr_animtree.cpp">
      <Filter>Source Files</Filter>
    </ClCompile>
    <ClCompile Include="src\script\scr_compiler.cpp">
      <Filter>Source Files</Filter>
    </ClCompile>
    <ClCompile Include="src\script\scr_debugger.cpp">
      <Filter>Source Files</Filter>
    </ClCompile>
    <ClCompile Include="src\script\scr_evaluate.cpp">
      <Filter>Source Files</Filter>
    </ClCompile>
    <ClCompile Include="src\script\scr_main.cpp">
      <Filter>Source Files</Filter>
    </ClCompile>
    <ClCompile Include="src\script\scr_memorytree.cpp">
      <Filter>Source Files</Filter>
    </ClCompile>
    <ClCompile Include="src\script\scr_parser.cpp">
      <Filter>Source Files</Filter>
    </ClCompile>
    <ClCompile Include="src\script\scr_parsetree.cpp">
      <Filter>Source Files</Filter>
    </ClCompile>
    <ClCompile Include="src\script\scr_variable.cpp">
      <Filter>Source Files</Filter>
    </ClCompile>
    <ClCompile Include="src\script\scr_vm.cpp">
      <Filter>Source Files</Filter>
    </ClCompile>
    <ClCompile Include="src\client_mp\cl_main_mp.cpp">
      <Filter>Source Files</Filter>
    </ClCompile>
    <ClCompile Include="src\database\db_assetnames.cpp">
      <Filter>Source Files</Filter>
    </ClCompile>
    <ClCompile Include="src\database\db_auth.cpp">
      <Filter>Source Files</Filter>
    </ClCompile>
    <ClCompile Include="src\database\db_file_load.cpp">
      <Filter>Source Files</Filter>
    </ClCompile>
    <ClCompile Include="src\database\db_memory.cpp">
      <Filter>Source Files</Filter>
    </ClCompile>
    <ClCompile Include="src\database\db_registry.cpp">
      <Filter>Source Files</Filter>
    </ClCompile>
    <ClCompile Include="src\database\db_stream.cpp">
      <Filter>Source Files</Filter>
    </ClCompile>
    <ClCompile Include="src\database\db_stream_load.cpp">
      <Filter>Source Files</Filter>
    </ClCompile>
    <ClCompile Include="src\xanim\dobj.cpp">
      <Filter>Source Files</Filter>
    </ClCompile>
    <ClCompile Include="src\xanim\xanim_calc.cpp">
      <Filter>Source Files</Filter>
    </ClCompile>
    <ClCompile Include="src\xanim\xanim_load_obj.cpp">
      <Filter>Source Files</Filter>
    </ClCompile>
    <ClCompile Include="src\xanim\xmodel.cpp">
      <Filter>Source Files</Filter>
    </ClCompile>
    <ClCompile Include="src\xanim\xmodel_load_obj.cpp">
      <Filter>Source Files</Filter>
    </ClCompile>
    <ClCompile Include="src\xanim\xmodel_utils.cpp">
      <Filter>Source Files</Filter>
    </ClCompile>
    <ClCompile Include="src\xanim\xanim.cpp">
      <Filter>Source Files</Filter>
    </ClCompile>
    <ClCompile Include="src\xanim\dobj_skel.cpp">
      <Filter>Source Files</Filter>
    </ClCompile>
    <ClCompile Include="src\xanim\dobj_utils.cpp">
      <Filter>Source Files</Filter>
    </ClCompile>
    <ClCompile Include="src\cgame\cg_localents.cpp">
      <Filter>Source Files</Filter>
    </ClCompile>
    <ClCompile Include="src\gfx_d3d\r_cinematic.cpp">
      <Filter>Source Files</Filter>
    </ClCompile>
    <ClCompile Include="src\qcommon\threads.cpp">
      <Filter>Source Files</Filter>
    </ClCompile>
    <ClCompile Include="src\qcommon\mem_track.cpp">
      <Filter>Source Files</Filter>
    </ClCompile>
    <ClCompile Include="src\win32\win_localize.cpp">
      <Filter>Source Files</Filter>
    </ClCompile>
    <ClCompile Include="src\client\cl_console.cpp">
      <Filter>Source Files</Filter>
    </ClCompile>
    <ClCompile Include="src\qcommon\files.cpp">
      <Filter>Source Files</Filter>
    </ClCompile>
    <ClCompile Include="src\universal\com_files.cpp">
      <Filter>Source Files</Filter>
    </ClCompile>
    <ClCompile Include="src\universal\com_math.cpp">
      <Filter>Source Files</Filter>
    </ClCompile>
    <ClCompile Include="src\universal\com_math_anglevectors.cpp">
      <Filter>Source Files</Filter>
    </ClCompile>
    <ClCompile Include="src\aim_assist\aim_assist.cpp">
      <Filter>Source Files</Filter>
    </ClCompile>
    <ClCompile Include="src\qcommon\graph.cpp">
      <Filter>Source Files</Filter>
    </ClCompile>
    <ClCompile Include="src\universal\q_parse.cpp">
      <Filter>Source Files</Filter>
    </ClCompile>
    <ClCompile Include="src\universal\com_loadutils.cpp">
      <Filter>Source Files</Filter>
    </ClCompile>
    <ClCompile Include="src\zlib\compress.c">
      <Filter>Source Files</Filter>
    </ClCompile>
    <ClCompile Include="src\zlib\crc32.c">
      <Filter>Source Files</Filter>
    </ClCompile>
    <ClCompile Include="src\zlib\deflate.c">
      <Filter>Source Files</Filter>
    </ClCompile>
    <ClCompile Include="src\zlib\example.c">
      <Filter>Source Files</Filter>
    </ClCompile>
    <ClCompile Include="src\zlib\gzio.c">
      <Filter>Source Files</Filter>
    </ClCompile>
    <ClCompile Include="src\zlib\infblock.c">
      <Filter>Source Files</Filter>
    </ClCompile>
    <ClCompile Include="src\zlib\infcodes.c">
      <Filter>Source Files</Filter>
    </ClCompile>
    <ClCompile Include="src\zlib\inffast.c">
      <Filter>Source Files</Filter>
    </ClCompile>
    <ClCompile Include="src\zlib\inflate.c">
      <Filter>Source Files</Filter>
    </ClCompile>
    <ClCompile Include="src\zlib\inftrees.c">
      <Filter>Source Files</Filter>
    </ClCompile>
    <ClCompile Include="src\zlib\infutil.c">
      <Filter>Source Files</Filter>
    </ClCompile>
    <ClCompile Include="src\zlib\maketree.c">
      <Filter>Source Files</Filter>
    </ClCompile>
    <ClCompile Include="src\zlib\minigzip.c">
      <Filter>Source Files</Filter>
    </ClCompile>
    <ClCompile Include="src\zlib\trees.c">
      <Filter>Source Files</Filter>
    </ClCompile>
    <ClCompile Include="src\zlib\uncompr.c">
      <Filter>Source Files</Filter>
    </ClCompile>
    <ClCompile Include="src\zlib\zutil.c">
      <Filter>Source Files</Filter>
    </ClCompile>
    <ClCompile Include="src\zlib\adler32.c">
      <Filter>Source Files</Filter>
    </ClCompile>
    <ClCompile Include="src\universal\physicalmemory.cpp">
      <Filter>Source Files</Filter>
    </ClCompile>
    <ClCompile Include="src\gfx_d3d\r_buffers.cpp">
      <Filter>Source Files</Filter>
    </ClCompile>
    <ClCompile Include="src\database\db_stringtable_load.cpp">
      <Filter>Source Files</Filter>
    </ClCompile>
    <ClCompile Include="src\database\db_load.cpp">
      <Filter>Source Files</Filter>
    </ClCompile>
    <ClCompile Include="src\gfx_d3d\r_material.cpp">
      <Filter>Source Files</Filter>
    </ClCompile>
    <ClCompile Include="src\qcommon\dobj_management.cpp">
      <Filter>Source Files</Filter>
    </ClCompile>
    <ClCompile Include="src\DynEntity\DynEntity_load_obj.cpp">
      <Filter>Source Files</Filter>
    </ClCompile>
    <ClCompile Include="src\gfx_d3d\r_init.cpp">
      <Filter>Source Files</Filter>
    </ClCompile>
    <ClCompile Include="src\gfx_d3d\r_rendercmds.cpp">
      <Filter>Source Files</Filter>
    </ClCompile>
    <ClCompile Include="src\universal\dvar_cmds.cpp">
      <Filter>Source Files</Filter>
    </ClCompile>
    <ClCompile Include="src\universal\win_shared.cpp">
      <Filter>Source Files</Filter>
    </ClCompile>
    <ClCompile Include="src\universal\com_shared.cpp">
      <Filter>Source Files</Filter>
    </ClCompile>
    <ClCompile Include="src\server_mp\sv_init_mp.cpp">
      <Filter>Source Files</Filter>
    </ClCompile>
    <ClCompile Include="src\server_mp\sv_main_mp.cpp">
      <Filter>Source Files</Filter>
    </ClCompile>
    <ClCompile Include="src\stringed\stringed_hooks.cpp">
      <Filter>Source Files</Filter>
    </ClCompile>
    <ClCompile Include="src\universal\com_stringtable.cpp">
      <Filter>Source Files</Filter>
    </ClCompile>
    <ClCompile Include="src\client\cl_keys.cpp">
      <Filter>Source Files</Filter>
    </ClCompile>
    <ClCompile Include="src\client_mp\cl_ui_mp.cpp">
      <Filter>Source Files</Filter>
    </ClCompile>
    <ClCompile Include="src\cgame_mp\cg_view_mp.cpp">
      <Filter>Source Files</Filter>
    </ClCompile>
    <ClCompile Include="src\gfx_d3d\rb_backend.cpp">
      <Filter>Source Files</Filter>
    </ClCompile>
    <ClCompile Include="src\gfx_d3d\rb_stats.cpp">
      <Filter>Source Files</Filter>
    </ClCompile>
    <ClCompile Include="src\gfx_d3d\r_font.cpp">
      <Filter>Source Files</Filter>
    </ClCompile>
    <ClCompile Include="src\gfx_d3d\r_debug.cpp">
      <Filter>Source Files</Filter>
    </ClCompile>
    <ClCompile Include="src\gfx_d3d\r_debug_alloc.cpp">
      <Filter>Source Files</Filter>
    </ClCompile>
    <ClCompile Include="src\gfx_d3d\r_warn.cpp">
      <Filter>Source Files</Filter>
    </ClCompile>
    <ClCompile Include="src\gfx_d3d\rb_logfile.cpp">
      <Filter>Source Files</Filter>
    </ClCompile>
    <ClCompile Include="src\gfx_d3d\r_workercmds.cpp">
      <Filter>Source Files</Filter>
    </ClCompile>
    <ClCompile Include="src\gfx_d3d\r_scene.cpp">
      <Filter>Source Files</Filter>
    </ClCompile>
    <ClCompile Include="src\gfx_d3d\r_dvars.cpp">
      <Filter>Source Files</Filter>
    </ClCompile>
    <ClCompile Include="src\gfx_d3d\r_sky.cpp">
      <Filter>Source Files</Filter>
    </ClCompile>
    <ClCompile Include="src\server\sv_main.cpp">
      <Filter>Source Files</Filter>
    </ClCompile>
    <ClCompile Include="src\gfx_d3d\r_image.cpp">
      <Filter>Source Files</Filter>
    </ClCompile>
    <ClCompile Include="src\gfx_d3d\r_utils.cpp">
      <Filter>Source Files</Filter>
    </ClCompile>
    <ClCompile Include="src\universal\surfaceflags.cpp">
      <Filter>Source Files</Filter>
    </ClCompile>
    <ClCompile Include="src\bgame\bg_jump.cpp">
      <Filter>Source Files</Filter>
    </ClCompile>
    <ClCompile Include="src\cgame_mp\cg_ents_mp.cpp">
      <Filter>Source Files</Filter>
    </ClCompile>
    <ClCompile Include="src\bgame\bg_misc.cpp">
      <Filter>Source Files</Filter>
    </ClCompile>
    <ClCompile Include="src\gfx_d3d\r_state_utils.cpp">
      <Filter>Source Files</Filter>
    </ClCompile>
    <ClCompile Include="src\bgame\bg_animation_mp.cpp">
      <Filter>Source Files</Filter>
    </ClCompile>
    <ClCompile Include="src\bgame\bg_mantle.cpp">
      <Filter>Source Files</Filter>
    </ClCompile>
    <ClCompile Include="src\bgame\bg_perks_mp.cpp">
      <Filter>Source Files</Filter>
    </ClCompile>
    <ClCompile Include="src\bgame\bg_pmove.cpp">
      <Filter>Source Files</Filter>
    </ClCompile>
    <ClCompile Include="src\qcommon\cm_trace.cpp">
      <Filter>Source Files</Filter>
    </ClCompile>
    <ClCompile Include="src\qcommon\cm_load.cpp">
      <Filter>Source Files</Filter>
    </ClCompile>
    <ClCompile Include="src\qcommon\cm_load_obj.cpp">
      <Filter>Source Files</Filter>
    </ClCompile>
    <ClCompile Include="src\qcommon\com_profilemapload.cpp">
      <Filter>Source Files</Filter>
    </ClCompile>
    <ClCompile Include="src\cgame\cg_drawtools.cpp">
      <Filter>Source Files</Filter>
    </ClCompile>
    <ClCompile Include="src\client_mp\cl_cgame_mp.cpp">
      <Filter>Source Files</Filter>
    </ClCompile>
    <ClCompile Include="src\qcommon\statmonitor.cpp">
      <Filter>Source Files</Filter>
    </ClCompile>
    <ClCompile Include="src\gfx_d3d\r_material_load_obj.cpp">
      <Filter>Source Files</Filter>
    </ClCompile>
    <ClCompile Include="src\DynEntity\DynEntity_client.cpp">
      <Filter>Source Files</Filter>
    </ClCompile>
    <ClCompile Include="src\DynEntity\DynEntity_pieces.cpp">
      <Filter>Source Files</Filter>
    </ClCompile>
    <ClCompile Include="src\physics\phys_ode.cpp">
      <Filter>Source Files</Filter>
    </ClCompile>
    <ClCompile Include="src\physics\ode\obstack.cpp">
      <Filter>Source Files</Filter>
    </ClCompile>
    <ClCompile Include="src\physics\ode\ode.cpp">
      <Filter>Source Files</Filter>
    </ClCompile>
    <ClCompile Include="src\physics\ode\odemath.cpp">
      <Filter>Source Files</Filter>
    </ClCompile>
    <ClCompile Include="src\physics\ode\quickstep.cpp">
      <Filter>Source Files</Filter>
    </ClCompile>
    <ClCompile Include="src\physics\ode\rotation.cpp">
      <Filter>Source Files</Filter>
    </ClCompile>
    <ClCompile Include="src\physics\ode\scrapbook.cpp">
      <Filter>Source Files</Filter>
    </ClCompile>
    <ClCompile Include="src\physics\ode\stack.cpp">
      <Filter>Source Files</Filter>
    </ClCompile>
    <ClCompile Include="src\physics\ode\step.cpp">
      <Filter>Source Files</Filter>
    </ClCompile>
    <ClCompile Include="src\physics\ode\stepfast.cpp">
      <Filter>Source Files</Filter>
    </ClCompile>
    <ClCompile Include="src\physics\ode\testing.cpp">
      <Filter>Source Files</Filter>
    </ClCompile>
    <ClCompile Include="src\physics\ode\timer.cpp">
      <Filter>Source Files</Filter>
    </ClCompile>
    <ClCompile Include="src\physics\ode\util.cpp">
      <Filter>Source Files</Filter>
    </ClCompile>
    <ClCompile Include="src\physics\ode\array.cpp">
      <Filter>Source Files</Filter>
    </ClCompile>
    <ClCompile Include="src\physics\ode\collision_kernel.cpp">
      <Filter>Source Files</Filter>
    </ClCompile>
    <ClCompile Include="src\physics\ode\collision_quadtreespace.cpp">
      <Filter>Source Files</Filter>
    </ClCompile>
    <ClCompile Include="src\physics\ode\collision_space.cpp">
      <Filter>Source Files</Filter>
    </ClCompile>
    <ClCompile Include="src\physics\ode\collision_std.cpp">
      <Filter>Source Files</Filter>
    </ClCompile>
    <ClCompile Include="src\physics\ode\collision_transform.cpp">
      <Filter>Source Files</Filter>
    </ClCompile>
    <ClCompile Include="src\physics\ode\collision_trimesh.cpp">
      <Filter>Source Files</Filter>
    </ClCompile>
    <ClCompile Include="src\physics\ode\collision_trimesh_box.cpp">
      <Filter>Source Files</Filter>
    </ClCompile>
    <ClCompile Include="src\physics\ode\collision_trimesh_ccylinder.cpp">
      <Filter>Source Files</Filter>
    </ClCompile>
    <ClCompile Include="src\physics\ode\collision_trimesh_distance.cpp">
      <Filter>Source Files</Filter>
    </ClCompile>
    <ClCompile Include="src\physics\ode\collision_trimesh_ray.cpp">
      <Filter>Source Files</Filter>
    </ClCompile>
    <ClCompile Include="src\physics\ode\collision_trimesh_sphere.cpp">
      <Filter>Source Files</Filter>
    </ClCompile>
    <ClCompile Include="src\physics\ode\collision_trimesh_trimesh.cpp">
      <Filter>Source Files</Filter>
    </ClCompile>
    <ClCompile Include="src\physics\ode\collision_util.cpp">
      <Filter>Source Files</Filter>
    </ClCompile>
    <ClCompile Include="src\physics\ode\error.cpp">
      <Filter>Source Files</Filter>
    </ClCompile>
    <ClCompile Include="src\physics\ode\export-dif.cpp">
      <Filter>Source Files</Filter>
    </ClCompile>
    <ClCompile Include="src\physics\ode\fastdot.c">
      <Filter>Source Files</Filter>
    </ClCompile>
    <ClCompile Include="src\physics\ode\fastldlt.c">
      <Filter>Source Files</Filter>
    </ClCompile>
    <ClCompile Include="src\physics\ode\fastlsolve.c">
      <Filter>Source Files</Filter>
    </ClCompile>
    <ClCompile Include="src\physics\ode\fastltsolve.c">
      <Filter>Source Files</Filter>
    </ClCompile>
    <ClCompile Include="src\physics\ode\joint.cpp">
      <Filter>Source Files</Filter>
    </ClCompile>
    <ClCompile Include="src\physics\ode\lcp.cpp">
      <Filter>Source Files</Filter>
    </ClCompile>
    <ClCompile Include="src\physics\ode\mass.cpp">
      <Filter>Source Files</Filter>
    </ClCompile>
    <ClCompile Include="src\physics\ode\mat.cpp">
      <Filter>Source Files</Filter>
    </ClCompile>
    <ClCompile Include="src\physics\ode\matrix.cpp">
      <Filter>Source Files</Filter>
    </ClCompile>
    <ClCompile Include="src\physics\ode\memory.cpp">
      <Filter>Source Files</Filter>
    </ClCompile>
    <ClCompile Include="src\physics\ode\misc.cpp">
      <Filter>Source Files</Filter>
    </ClCompile>
    <ClCompile Include="src\physics\phys_world_collision.cpp">
      <Filter>Source Files</Filter>
    </ClCompile>
    <ClCompile Include="src\universal\pool_allocator.cpp">
      <Filter>Source Files</Filter>
    </ClCompile>
    <ClCompile Include="src\aim_assist\aim_target_mp.cpp">
      <Filter>Source Files</Filter>
    </ClCompile>
    <ClCompile Include="src\cgame_mp\cg_main_mp.cpp">
      <Filter>Source Files</Filter>
    </ClCompile>
    <ClCompile Include="src\EffectsCore\fx_system.cpp">
      <Filter>Source Files</Filter>
    </ClCompile>
    <ClCompile Include="src\EffectsCore\fx_dvars.cpp">
      <Filter>Source Files</Filter>
    </ClCompile>
    <ClCompile Include="src\EffectsCore\fx_marks.cpp">
      <Filter>Source Files</Filter>
    </ClCompile>
    <ClCompile Include="src\EffectsCore\fx_draw.cpp">
      <Filter>Source Files</Filter>
    </ClCompile>
    <ClCompile Include="src\EffectsCore\fx_update_util.cpp">
      <Filter>Source Files</Filter>
    </ClCompile>
    <ClCompile Include="src\EffectsCore\fx_random.cpp">
      <Filter>Source Files</Filter>
    </ClCompile>
    <ClCompile Include="src\EffectsCore\fx_sort.cpp">
      <Filter>Source Files</Filter>
    </ClCompile>
    <ClCompile Include="src\EffectsCore\fx_archive.cpp">
      <Filter>Source Files</Filter>
    </ClCompile>
    <ClCompile Include="src\EffectsCore\fx_beam.cpp">
      <Filter>Source Files</Filter>
    </ClCompile>
    <ClCompile Include="src\EffectsCore\fx_postlight.cpp">
      <Filter>Source Files</Filter>
    </ClCompile>
    <ClCompile Include="src\EffectsCore\fx_profile.cpp">
      <Filter>Source Files</Filter>
    </ClCompile>
    <ClCompile Include="src\EffectsCore\fx_sprite.cpp">
      <Filter>Source Files</Filter>
    </ClCompile>
    <ClCompile Include="src\EffectsCore\fx_update.cpp">
      <Filter>Source Files</Filter>
    </ClCompile>
    <ClCompile Include="src\EffectsCore\fxcurve.cpp">
      <Filter>Source Files</Filter>
    </ClCompile>
    <ClCompile Include="src\EffectsCore\fx_graph.cpp">
      <Filter>Source Files</Filter>
    </ClCompile>
    <ClCompile Include="src\bgame\bg_weapons.cpp">
      <Filter>Source Files</Filter>
    </ClCompile>
    <ClCompile Include="src\bgame\bg_slidemove.cpp">
      <Filter>Source Files</Filter>
    </ClCompile>
    <ClCompile Include="src\bgame\bg_vehicles_mp.cpp">
      <Filter>Source Files</Filter>
    </ClCompile>
    <ClCompile Include="src\game_mp\g_main_mp.cpp">
      <Filter>Source Files</Filter>
    </ClCompile>
    <ClCompile Include="src\game_mp\g_utils_mp.cpp">
      <Filter>Source Files</Filter>
    </ClCompile>
    <ClCompile Include="src\universal\com_constantconfigstrings.cpp">
      <Filter>Source Files</Filter>
    </ClCompile>
    <ClCompile Include="src\server\sv_game.cpp">
      <Filter>Source Files</Filter>
    </ClCompile>
    <ClCompile Include="src\qcommon\sv_msg_write_mp.cpp">
      <Filter>Source Files</Filter>
    </ClCompile>
    <ClCompile Include="src\qcommon\msg_mp.cpp">
      <Filter>Source Files</Filter>
    </ClCompile>
    <ClCompile Include="src\qcommon\huffman.cpp">
      <Filter>Source Files</Filter>
    </ClCompile>
    <ClCompile Include="src\qcommon\net_chan_mp.cpp">
      <Filter>Source Files</Filter>
    </ClCompile>
    <ClCompile Include="src\client_mp\cl_net_chan_mp.cpp">
      <Filter>Source Files</Filter>
    </ClCompile>
    <ClCompile Include="src\client_mp\cl_scrn_mp.cpp">
      <Filter>Source Files</Filter>
    </ClCompile>
    <ClCompile Include="src\ui_mp\ui_main_mp.cpp">
      <Filter>Source Files</Filter>
    </ClCompile>
    <ClCompile Include="src\client\screen_placement.cpp">
      <Filter>Source Files</Filter>
    </ClCompile>
    <ClCompile Include="src\cgame_mp\cg_newDraw_mp.cpp">
      <Filter>Source Files</Filter>
    </ClCompile>
    <ClCompile Include="src\cgame_mp\cg_draw_mp.cpp">
      <Filter>Source Files</Filter>
    </ClCompile>
    <ClCompile Include="src\cgame\cg_hudelem.cpp">
      <Filter>Source Files</Filter>
    </ClCompile>
    <ClCompile Include="src\ui\ui_shared.cpp">
      <Filter>Source Files</Filter>
    </ClCompile>
    <ClCompile Include="src\ui\ui_localvars.cpp">
      <Filter>Source Files</Filter>
    </ClCompile>
    <ClCompile Include="src\ui\ui_utils.cpp">
      <Filter>Source Files</Filter>
    </ClCompile>
    <ClCompile Include="src\ui\ui_expressions.cpp">
      <Filter>Source Files</Filter>
    </ClCompile>
    <ClCompile Include="src\cgame_mp\cg_players_mp.cpp">
      <Filter>Source Files</Filter>
    </ClCompile>
    <ClCompile Include="src\cgame\cg_weapons.cpp">
      <Filter>Source Files</Filter>
    </ClCompile>
    <ClCompile Include="src\cgame_mp\cg_scoreboard_mp.cpp">
      <Filter>Source Files</Filter>
    </ClCompile>
    <ClCompile Include="src\cgame_mp\cg_vehicles_mp.cpp">
      <Filter>Source Files</Filter>
    </ClCompile>
    <ClCompile Include="src\cgame_mp\cg_snapshot_mp.cpp">
      <Filter>Source Files</Filter>
    </ClCompile>
    <ClCompile Include="src\cgame_mp\cg_servercmds_mp.cpp">
      <Filter>Source Files</Filter>
    </ClCompile>
    <ClCompile Include="src\cgame_mp\cg_predict_mp.cpp">
      <Filter>Source Files</Filter>
    </ClCompile>
    <ClCompile Include="src\cgame_mp\cg_pose_mp.cpp">
      <Filter>Source Files</Filter>
    </ClCompile>
    <ClCompile Include="src\cgame_mp\cg_draw_net_mp.cpp">
      <Filter>Source Files</Filter>
    </ClCompile>
    <ClCompile Include="src\cgame_mp\cg_compassfriendlies_mp.cpp">
      <Filter>Source Files</Filter>
    </ClCompile>
    <ClCompile Include="src\cgame_mp\cg_client_side_effects_mp.cpp">
      <Filter>Source Files</Filter>
    </ClCompile>
    <ClCompile Include="src\cgame\offhandweapons.cpp">
      <Filter>Source Files</Filter>
    </ClCompile>
    <ClCompile Include="src\cgame\cg_world.cpp">
      <Filter>Source Files</Filter>
    </ClCompile>
    <ClCompile Include="src\cgame\cg_visionsets.cpp">
      <Filter>Source Files</Filter>
    </ClCompile>
    <ClCompile Include="src\cgame\cg_shellshock.cpp">
      <Filter>Source Files</Filter>
    </ClCompile>
    <ClCompile Include="src\cgame\cg_pose_utils.cpp">
      <Filter>Source Files</Filter>
    </ClCompile>
    <ClCompile Include="src\cgame\cg_playerstate.cpp">
      <Filter>Source Files</Filter>
    </ClCompile>
    <ClCompile Include="src\cgame\cg_laser.cpp">
      <Filter>Source Files</Filter>
    </ClCompile>
    <ClCompile Include="src\cgame\cg_event.cpp">
      <Filter>Source Files</Filter>
    </ClCompile>
    <ClCompile Include="src\cgame\cg_effects_load_obj.cpp">
      <Filter>Source Files</Filter>
    </ClCompile>
    <ClCompile Include="src\cgame\cg_draw_reticles.cpp">
      <Filter>Source Files</Filter>
    </ClCompile>
    <ClCompile Include="src\cgame\cg_draw_indicators.cpp">
      <Filter>Source Files</Filter>
    </ClCompile>
    <ClCompile Include="src\cgame\cg_draw_debug.cpp">
      <Filter>Source Files</Filter>
    </ClCompile>
    <ClCompile Include="src\cgame\cg_compass.cpp">
      <Filter>Source Files</Filter>
    </ClCompile>
    <ClCompile Include="src\cgame\cg_colltree.cpp">
      <Filter>Source Files</Filter>
    </ClCompile>
    <ClCompile Include="src\cgame\cg_camerashake.cpp">
      <Filter>Source Files</Filter>
    </ClCompile>
    <ClCompile Include="src\cgame\cg_ammocounter.cpp">
      <Filter>Source Files</Filter>
    </ClCompile>
    <ClCompile Include="src\bgame\bg_weapons_load_obj.cpp">
      <Filter>Source Files</Filter>
    </ClCompile>
    <ClCompile Include="src\client\con_channels.cpp">
      <Filter>Source Files</Filter>
    </ClCompile>
    <ClCompile Include="src\client\cl_devgui.cpp">
      <Filter>Source Files</Filter>
    </ClCompile>
    <ClCompile Include="src\client\cl_debugdata.cpp">
      <Filter>Source Files</Filter>
    </ClCompile>
    <ClCompile Include="src\client\cl_cin.cpp">
      <Filter>Source Files</Filter>
    </ClCompile>
    <ClCompile Include="src\client_mp\cl_parse_mp.cpp">
      <Filter>Source Files</Filter>
    </ClCompile>
    <ClCompile Include="src\client_mp\cl_pose_mp.cpp">
      <Filter>Source Files</Filter>
    </ClCompile>
    <ClCompile Include="src\client_mp\cl_rank.cpp">
      <Filter>Source Files</Filter>
    </ClCompile>
    <ClCompile Include="src\client_mp\cl_voice.cpp">
      <Filter>Source Files</Filter>
    </ClCompile>
    <ClCompile Include="src\devgui\devgui.cpp">
      <Filter>Source Files</Filter>
    </ClCompile>
    <ClCompile Include="src\devgui\devgui_input.cpp">
      <Filter>Source Files</Filter>
    </ClCompile>
    <ClCompile Include="src\devgui\devgui_util.cpp">
      <Filter>Source Files</Filter>
    </ClCompile>
  </ItemGroup>
  <ItemGroup>
    <ClInclude Include="src\qcommon\qcommon.h">
      <Filter>Header Files</Filter>
    </ClInclude>
    <ClInclude Include="src\ui\keycodes.h">
      <Filter>Header Files</Filter>
    </ClInclude>
    <ClInclude Include="src\universal\assertive.h">
      <Filter>Header Files</Filter>
    </ClInclude>
    <ClInclude Include="src\universal\q_shared.h">
      <Filter>Header Files</Filter>
    </ClInclude>
    <ClInclude Include="src\win32\win_input.h">
      <Filter>Header Files</Filter>
    </ClInclude>
    <ClInclude Include="src\win32\win_local.h">
      <Filter>Header Files</Filter>
    </ClInclude>
    <ClInclude Include="src\client_mp\client_mp.h">
      <Filter>Header Files</Filter>
    </ClInclude>
    <ClInclude Include="src\universal\profile.h">
      <Filter>Header Files</Filter>
    </ClInclude>
    <ClInclude Include="src\script\scr_stringlist.h">
      <Filter>Header Files</Filter>
    </ClInclude>
    <ClInclude Include="src\script\scr_memorytree.h">
      <Filter>Header Files</Filter>
    </ClInclude>
    <ClInclude Include="src\script\scr_main.h">
      <Filter>Header Files</Filter>
    </ClInclude>
    <ClInclude Include="src\script\scr_variable.h">
      <Filter>Header Files</Filter>
    </ClInclude>
    <ClInclude Include="src\script\scr_vm.h">
      <Filter>Header Files</Filter>
    </ClInclude>
    <ClInclude Include="src\gfx_d3d\r_image_load_db.h">
      <Filter>Header Files</Filter>
    </ClInclude>
    <ClInclude Include="src\gfx_d3d\r_material_load_db.h">
      <Filter>Header Files</Filter>
    </ClInclude>
    <ClInclude Include="src\xanim\xanim_load_db.h">
      <Filter>Header Files</Filter>
    </ClInclude>
    <ClInclude Include="src\xanim\xanim_public.h">
      <Filter>Header Files</Filter>
    </ClInclude>
    <ClInclude Include="src\xanim\xanim.h">
      <Filter>Header Files</Filter>
    </ClInclude>
    <ClInclude Include="src\cgame_mp\cg_local_mp.h">
      <Filter>Header Files</Filter>
    </ClInclude>
    <ClInclude Include="src\qcommon\bitarray.h">
      <Filter>Header Files</Filter>
    </ClInclude>
    <ClInclude Include="src\universal\com_memory.h">
      <Filter>Header Files</Filter>
    </ClInclude>
    <ClInclude Include="src\gfx_d3d\r_cinematic.h">
      <Filter>Header Files</Filter>
    </ClInclude>
    <ClInclude Include="src\qcommon\threads_interlock.h">
      <Filter>Header Files</Filter>
    </ClInclude>
    <ClInclude Include="src\qcommon\threads.h">
      <Filter>Header Files</Filter>
    </ClInclude>
    <ClInclude Include="src\qcommon\mem_track.h">
      <Filter>Header Files</Filter>
    </ClInclude>
    <ClInclude Include="src\win32\win_localize.h">
      <Filter>Header Files</Filter>
    </ClInclude>
    <ClInclude Include="src\qcommon\cmd.h">
      <Filter>Header Files</Filter>
    </ClInclude>
    <ClInclude Include="src\qcommon\files.h">
      <Filter>Header Files</Filter>
    </ClInclude>
    <ClInclude Include="src\universal\com_files.h">
      <Filter>Header Files</Filter>
    </ClInclude>
    <ClInclude Include="src\universal\com_math.h">
      <Filter>Header Files</Filter>
    </ClInclude>
    <ClInclude Include="src\aim_assist\aim_assist.h">
      <Filter>Header Files</Filter>
    </ClInclude>
    <ClInclude Include="src\cgame\cg_local.h">
      <Filter>Header Files</Filter>
    </ClInclude>
    <ClInclude Include="src\qcommon\graph.h">
      <Filter>Header Files</Filter>
    </ClInclude>
    <ClInclude Include="src\universal\q_parse.h">
      <Filter>Header Files</Filter>
    </ClInclude>
    <ClInclude Include="src\database\database.h">
      <Filter>Header Files</Filter>
    </ClInclude>
    <ClInclude Include="src\zlib\deflate.h">
      <Filter>Header Files</Filter>
    </ClInclude>
    <ClInclude Include="src\zlib\infblock.h">
      <Filter>Header Files</Filter>
    </ClInclude>
    <ClInclude Include="src\zlib\infcodes.h">
      <Filter>Header Files</Filter>
    </ClInclude>
    <ClInclude Include="src\zlib\inffast.h">
      <Filter>Header Files</Filter>
    </ClInclude>
    <ClInclude Include="src\zlib\inffixed.h">
      <Filter>Header Files</Filter>
    </ClInclude>
    <ClInclude Include="src\zlib\inftrees.h">
      <Filter>Header Files</Filter>
    </ClInclude>
    <ClInclude Include="src\zlib\infutil.h">
      <Filter>Header Files</Filter>
    </ClInclude>
    <ClInclude Include="src\zlib\trees.h">
      <Filter>Header Files</Filter>
    </ClInclude>
    <ClInclude Include="src\zlib\zconf.h">
      <Filter>Header Files</Filter>
    </ClInclude>
    <ClInclude Include="src\zlib\zlib.h">
      <Filter>Header Files</Filter>
    </ClInclude>
    <ClInclude Include="src\zlib\zutil.h">
      <Filter>Header Files</Filter>
    </ClInclude>
    <ClInclude Include="src\universal\physicalmemory.h">
      <Filter>Header Files</Filter>
    </ClInclude>
    <ClInclude Include="src\xanim\dobj.h">
      <Filter>Header Files</Filter>
    </ClInclude>
    <ClInclude Include="src\xanim\xmodel.h">
      <Filter>Header Files</Filter>
    </ClInclude>
    <ClInclude Include="src\gfx_d3d\r_material.h">
      <Filter>Header Files</Filter>
    </ClInclude>
    <ClInclude Include="src\gfx_d3d\r_init.h">
      <Filter>Header Files</Filter>
    </ClInclude>
    <ClInclude Include="src\gfx_d3d\r_rendercmds.h">
      <Filter>Header Files</Filter>
    </ClInclude>
    <ClInclude Include="src\server_mp\server.h">
      <Filter>Header Files</Filter>
    </ClInclude>
    <ClInclude Include="src\stringed\stringed_hooks.h">
      <Filter>Header Files</Filter>
    </ClInclude>
    <ClInclude Include="src\client\client.h">
      <Filter>Header Files</Filter>
    </ClInclude>
    <ClInclude Include="src\gfx_d3d\rb_backend.h">
      <Filter>Header Files</Filter>
    </ClInclude>
    <ClInclude Include="src\gfx_d3d\rb_stats.h">
      <Filter>Header Files</Filter>
    </ClInclude>
    <ClInclude Include="src\gfx_d3d\r_font.h">
      <Filter>Header Files</Filter>
    </ClInclude>
    <ClInclude Include="src\gfx_d3d\r_debug.h">
      <Filter>Header Files</Filter>
    </ClInclude>
    <ClInclude Include="src\gfx_d3d\r_buffers.h">
      <Filter>Header Files</Filter>
    </ClInclude>
    <ClInclude Include="src\gfx_d3d\rb_logfile.h">
      <Filter>Header Files</Filter>
    </ClInclude>
    <ClInclude Include="src\gfx_d3d\r_workercmds.h">
      <Filter>Header Files</Filter>
    </ClInclude>
    <ClInclude Include="src\gfx_d3d\fxprimitives.h">
      <Filter>Header Files</Filter>
    </ClInclude>
    <ClInclude Include="src\gfx_d3d\r_scene.h">
      <Filter>Header Files</Filter>
    </ClInclude>
    <ClInclude Include="src\gfx_d3d\r_dvars.h">
      <Filter>Header Files</Filter>
    </ClInclude>
    <ClInclude Include="src\gfx_d3d\r_sky.h">
      <Filter>Header Files</Filter>
    </ClInclude>
    <ClInclude Include="src\binklib\binktextures.h">
      <Filter>Header Files</Filter>
    </ClInclude>
    <ClInclude Include="src\binklib\rad3d.h">
      <Filter>Header Files</Filter>
    </ClInclude>
    <ClInclude Include="src\binklib\radbase.h">
      <Filter>Header Files</Filter>
    </ClInclude>
    <ClInclude Include="src\binklib\bink.h">
      <Filter>Header Files</Filter>
    </ClInclude>
    <ClInclude Include="src\msslib\mss.h">
      <Filter>Header Files</Filter>
    </ClInclude>
    <ClInclude Include="src\gfx_d3d\r_image.h">
      <Filter>Header Files</Filter>
    </ClInclude>
    <ClInclude Include="src\gfx_d3d\r_utils.h">
      <Filter>Header Files</Filter>
    </ClInclude>
    <ClInclude Include="src\universal\surfaceflags.h">
      <Filter>Header Files</Filter>
    </ClInclude>
    <ClInclude Include="src\bgame\bg_public.h">
      <Filter>Header Files</Filter>
    </ClInclude>
    <ClInclude Include="src\bgame\bg_local.h">
      <Filter>Header Files</Filter>
    </ClInclude>
    <ClInclude Include="src\cgame_mp\cg_public_mp.h">
      <Filter>Header Files</Filter>
    </ClInclude>
    <ClInclude Include="src\cgame\cg_public.h">
      <Filter>Header Files</Filter>
    </ClInclude>
    <ClInclude Include="src\DynEntity\DynEntity_client.h">
      <Filter>Header Files</Filter>
    </ClInclude>
    <ClInclude Include="src\physics\phys_local.h">
      <Filter>Header Files</Filter>
    </ClInclude>
    <ClInclude Include="src\physics\ode\objects.h">
      <Filter>Header Files</Filter>
    </ClInclude>
    <ClInclude Include="src\physics\ode\obstack.h">
      <Filter>Header Files</Filter>
    </ClInclude>
    <ClInclude Include="src\physics\ode\quickstep.h">
      <Filter>Header Files</Filter>
    </ClInclude>
    <ClInclude Include="src\physics\ode\stack.h">
      <Filter>Header Files</Filter>
    </ClInclude>
    <ClInclude Include="src\physics\ode\step.h">
      <Filter>Header Files</Filter>
    </ClInclude>
    <ClInclude Include="src\physics\ode\testing.h">
      <Filter>Header Files</Filter>
    </ClInclude>
    <ClInclude Include="src\physics\ode\util.h">
      <Filter>Header Files</Filter>
    </ClInclude>
    <ClInclude Include="src\physics\ode\array.h">
      <Filter>Header Files</Filter>
    </ClInclude>
    <ClInclude Include="src\physics\ode\collision_kernel.h">
      <Filter>Header Files</Filter>
    </ClInclude>
    <ClInclude Include="src\physics\ode\collision_space_internal.h">
      <Filter>Header Files</Filter>
    </ClInclude>
    <ClInclude Include="src\physics\ode\collision_std.h">
      <Filter>Header Files</Filter>
    </ClInclude>
    <ClInclude Include="src\physics\ode\collision_transform.h">
      <Filter>Header Files</Filter>
    </ClInclude>
    <ClInclude Include="src\physics\ode\collision_trimesh_internal.h">
      <Filter>Header Files</Filter>
    </ClInclude>
    <ClInclude Include="src\physics\ode\collision_util.h">
      <Filter>Header Files</Filter>
    </ClInclude>
    <ClInclude Include="src\physics\ode\joint.h">
      <Filter>Header Files</Filter>
    </ClInclude>
    <ClInclude Include="src\physics\ode\lcp.h">
      <Filter>Header Files</Filter>
    </ClInclude>
    <ClInclude Include="src\physics\ode\mat.h">
      <Filter>Header Files</Filter>
    </ClInclude>
    <ClInclude Include="src\ode\collision.h">
      <Filter>Header Files</Filter>
    </ClInclude>
    <ClInclude Include="src\ode\collision_space.h">
      <Filter>Header Files</Filter>
    </ClInclude>
    <ClInclude Include="src\ode\collision_trimesh.h">
      <Filter>Header Files</Filter>
    </ClInclude>
    <ClInclude Include="src\ode\common.h">
      <Filter>Header Files</Filter>
    </ClInclude>
    <ClInclude Include="src\ode\compatibility.h">
      <Filter>Header Files</Filter>
    </ClInclude>
    <ClInclude Include="src\ode\contact.h">
      <Filter>Header Files</Filter>
    </ClInclude>
    <ClInclude Include="src\ode\error.h">
      <Filter>Header Files</Filter>
    </ClInclude>
    <ClInclude Include="src\ode\export-dif.h">
      <Filter>Header Files</Filter>
    </ClInclude>
    <ClInclude Include="src\ode\mass.h">
      <Filter>Header Files</Filter>
    </ClInclude>
    <ClInclude Include="src\ode\matrix.h">
      <Filter>Header Files</Filter>
    </ClInclude>
    <ClInclude Include="src\ode\memory.h">
      <Filter>Header Files</Filter>
    </ClInclude>
    <ClInclude Include="src\ode\misc.h">
      <Filter>Header Files</Filter>
    </ClInclude>
    <ClInclude Include="src\ode\objects.h">
      <Filter>Header Files</Filter>
    </ClInclude>
    <ClInclude Include="src\ode\ode.h">
      <Filter>Header Files</Filter>
    </ClInclude>
    <ClInclude Include="src\ode\odecpp.h">
      <Filter>Header Files</Filter>
    </ClInclude>
    <ClInclude Include="src\ode\odecpp_collision.h">
      <Filter>Header Files</Filter>
    </ClInclude>
    <ClInclude Include="src\ode\odecpp_old.h">
      <Filter>Header Files</Filter>
    </ClInclude>
    <ClInclude Include="src\ode\odemath.h">
      <Filter>Header Files</Filter>
    </ClInclude>
    <ClInclude Include="src\ode\rotation.h">
      <Filter>Header Files</Filter>
    </ClInclude>
    <ClInclude Include="src\ode\timer.h">
      <Filter>Header Files</Filter>
    </ClInclude>
    <ClInclude Include="src\ode\config.h">
      <Filter>Header Files</Filter>
    </ClInclude>
    <ClInclude Include="src\universal\pool_allocator.h">
      <Filter>Header Files</Filter>
    </ClInclude>
    <ClInclude Include="src\EffectsCore\fx_system.h">
      <Filter>Header Files</Filter>
    </ClInclude>
    <ClInclude Include="src\game_mp\g_main_mp.h">
      <Filter>Header Files</Filter>
    </ClInclude>
    <ClInclude Include="src\game_mp\g_utils_mp.h">
      <Filter>Header Files</Filter>
    </ClInclude>
    <ClInclude Include="src\universal\com_constantconfigstrings.h">
      <Filter>Header Files</Filter>
    </ClInclude>
    <ClInclude Include="src\server\sv_game.h">
      <Filter>Header Files</Filter>
    </ClInclude>
    <ClInclude Include="src\qcommon\msg_mp.h">
      <Filter>Header Files</Filter>
    </ClInclude>
    <ClInclude Include="src\qcommon\huffman.h">
      <Filter>Header Files</Filter>
    </ClInclude>
    <ClInclude Include="src\ui_mp\ui_mp.h">
      <Filter>Header Files</Filter>
    </ClInclude>
    <ClInclude Include="src\ui\ui.h">
      <Filter>Header Files</Filter>
    </ClInclude>
    <ClInclude Include="src\devgui\devgui.h">
      <Filter>Header Files</Filter>
    </ClInclude>
  </ItemGroup>
  <ItemGroup>
    <Library Include="src\msslib\mss32.lib" />
    <Library Include="src\msslib\mss32_2.lib" />
  </ItemGroup>
  <ItemGroup>
    <Text Include="src\physics\ode\placeholder.txt" />
  </ItemGroup>
</Project>